{
  "version": 4,
  "terraform_version": "1.9.5",
  "serial": 1,
  "lineage": "46df1dec-123d-6e51-84db-117e8da60869",
  "outputs": {},
  "resources": [
    {
      "mode": "managed",
      "type": "spotify_playlist",
      "name": "Bollywood",
      "provider": "provider[\"registry.terraform.io/conradludgate/spotify\"]",
      "instances": [
        {
          "schema_version": 0,
          "attributes": {
            "description": null,
            "id": "5izVjoWP98eceNdTDAPp5y",
            "name": "Bollywood",
            "public": true,
            "snapshot_id": "AAAAAtHjkAxhjW1OlU1xMRYHWYRJxtvr",
            "tracks": [
              "2iZeKe5avjtKVmjfSFkpxd"
            ]
          },
          "sensitive_attributes": [],
          "private": "bnVsbA=="
        }
      ]
    }
  ],
  "check_results": null
}
